
Microsoft Visual Studio Solution File, Format Version 12.00
# Visual Studio Version 17
VisualStudioVersion = 17.4.33122.133
MinimumVisualStudioVersion = 10.0.40219.1
Project("{FAE04EC0-301F-11D3-BF4B-00C04F79EFBC}") = "pract1_MSCIT", "pract1_MSCIT\pract1_MSCIT.csproj", "{B44DA55E-4660-4F01-86EA-F7E739BD0939}"
EndProject
Global
	GlobalSection(SolutionConfigurationPlatforms) = preSolution
		Debug|Any CPU = Debug|Any CPU
		Release|Any CPU = Release|Any CPU
	EndGlobalSection
	GlobalSection(ProjectConfigurationPlatforms) = postSolution
		{B44DA55E-4660-4F01-86EA-F7E739BD0939}.Debug|Any CPU.ActiveCfg = Debug|Any CPU
		{B44DA55E-4660-4F01-86EA-F7E739BD0939}.Debug|Any CPU.Build.0 = Debug|Any CPU
		{B44DA55E-4660-4F01-86EA-F7E739BD0939}.Release|Any CPU.ActiveCfg = Release|Any CPU
		{B44DA55E-4660-4F01-86EA-F7E739BD0939}.Release|Any CPU.Build.0 = Release|Any CPU
	EndGlobalSection
	GlobalSection(SolutionProperties) = preSolution
		HideSolutionNode = FALSE
	EndGlobalSection
	GlobalSection(ExtensibilityGlobals) = postSolution
		SolutionGuid = {B1B72D38-8B7D-4635-AAD9-6772AD77BB47}
	EndGlobalSection
EndGlobal
